
Microsoft Visual Studio Solution File, Format Version 12.00
# Visual Studio Version 17
VisualStudioVersion = 17.0.31903.59
MinimumVisualStudioVersion = 10.0.40219.1
Project("{2150E333-8FDC-42A3-9474-1A3956D46DE8}") = "src", "src", "{827E0CD3-B72D-47B6-A68D-7590B98EB39B}"
EndProject
Project("{FAE04EC0-301F-11D3-BF4B-00C04F79EFBC}") = "SubscriptionManagement.Domain", "src\SubscriptionManagement.Domain\SubscriptionManagement.Domain.csproj", "{E4F4E91B-4B9F-4335-923D-960FE047E221}"
EndProject
Project("{FAE04EC0-301F-11D3-BF4B-00C04F79EFBC}") = "SubscriptionManagement.Application", "src\SubscriptionManagement.Application\SubscriptionManagement.Application.csproj", "{1B12722B-0539-4469-A622-21BD1C03D65A}"
EndProject
Project("{FAE04EC0-301F-11D3-BF4B-00C04F79EFBC}") = "SubscriptionManagement.Infrastructure", "src\SubscriptionManagement.Infrastructure\SubscriptionManagement.Infrastructure.csproj", "{0C06C0CE-D85A-4584-AC6C-6A236C4751DB}"
EndProject
Project("{FAE04EC0-301F-11D3-BF4B-00C04F79EFBC}") = "SubscriptionManagement.Api", "src\SubscriptionManagement.Api\SubscriptionManagement.Api.csproj", "{5525A3B7-6A16-488E-A89B-37894B3E6C67}"
EndProject
Global
	GlobalSection(SolutionConfigurationPlatforms) = preSolution
		Debug|Any CPU = Debug|Any CPU
		Debug|x64 = Debug|x64
		Debug|x86 = Debug|x86
		Release|Any CPU = Release|Any CPU
		Release|x64 = Release|x64
		Release|x86 = Release|x86
	EndGlobalSection
	GlobalSection(ProjectConfigurationPlatforms) = postSolution
		{E4F4E91B-4B9F-4335-923D-960FE047E221}.Debug|Any CPU.ActiveCfg = Debug|Any CPU
		{E4F4E91B-4B9F-4335-923D-960FE047E221}.Debug|Any CPU.Build.0 = Debug|Any CPU
		{E4F4E91B-4B9F-4335-923D-960FE047E221}.Debug|x64.ActiveCfg = Debug|Any CPU
		{E4F4E91B-4B9F-4335-923D-960FE047E221}.Debug|x64.Build.0 = Debug|Any CPU
		{E4F4E91B-4B9F-4335-923D-960FE047E221}.Debug|x86.ActiveCfg = Debug|Any CPU
		{E4F4E91B-4B9F-4335-923D-960FE047E221}.Debug|x86.Build.0 = Debug|Any CPU
		{E4F4E91B-4B9F-4335-923D-960FE047E221}.Release|Any CPU.ActiveCfg = Release|Any CPU
		{E4F4E91B-4B9F-4335-923D-960FE047E221}.Release|Any CPU.Build.0 = Release|Any CPU
		{E4F4E91B-4B9F-4335-923D-960FE047E221}.Release|x64.ActiveCfg = Release|Any CPU
		{E4F4E91B-4B9F-4335-923D-960FE047E221}.Release|x64.Build.0 = Release|Any CPU
		{E4F4E91B-4B9F-4335-923D-960FE047E221}.Release|x86.ActiveCfg = Release|Any CPU
		{E4F4E91B-4B9F-4335-923D-960FE047E221}.Release|x86.Build.0 = Release|Any CPU
		{1B12722B-0539-4469-A622-21BD1C03D65A}.Debug|Any CPU.ActiveCfg = Debug|Any CPU
		{1B12722B-0539-4469-A622-21BD1C03D65A}.Debug|Any CPU.Build.0 = Debug|Any CPU
		{1B12722B-0539-4469-A622-21BD1C03D65A}.Debug|x64.ActiveCfg = Debug|Any CPU
		{1B12722B-0539-4469-A622-21BD1C03D65A}.Debug|x64.Build.0 = Debug|Any CPU
		{1B12722B-0539-4469-A622-21BD1C03D65A}.Debug|x86.ActiveCfg = Debug|Any CPU
		{1B12722B-0539-4469-A622-21BD1C03D65A}.Debug|x86.Build.0 = Debug|Any CPU
		{1B12722B-0539-4469-A622-21BD1C03D65A}.Release|Any CPU.ActiveCfg = Release|Any CPU
		{1B12722B-0539-4469-A622-21BD1C03D65A}.Release|Any CPU.Build.0 = Release|Any CPU
		{1B12722B-0539-4469-A622-21BD1C03D65A}.Release|x64.ActiveCfg = Release|Any CPU
		{1B12722B-0539-4469-A622-21BD1C03D65A}.Release|x64.Build.0 = Release|Any CPU
		{1B12722B-0539-4469-A622-21BD1C03D65A}.Release|x86.ActiveCfg = Release|Any CPU
		{1B12722B-0539-4469-A622-21BD1C03D65A}.Release|x86.Build.0 = Release|Any CPU
		{0C06C0CE-D85A-4584-AC6C-6A236C4751DB}.Debug|Any CPU.ActiveCfg = Debug|Any CPU
		{0C06C0CE-D85A-4584-AC6C-6A236C4751DB}.Debug|Any CPU.Build.0 = Debug|Any CPU
		{0C06C0CE-D85A-4584-AC6C-6A236C4751DB}.Debug|x64.ActiveCfg = Debug|Any CPU
		{0C06C0CE-D85A-4584-AC6C-6A236C4751DB}.Debug|x64.Build.0 = Debug|Any CPU
		{0C06C0CE-D85A-4584-AC6C-6A236C4751DB}.Debug|x86.ActiveCfg = Debug|Any CPU
		{0C06C0CE-D85A-4584-AC6C-6A236C4751DB}.Debug|x86.Build.0 = Debug|Any CPU
		{0C06C0CE-D85A-4584-AC6C-6A236C4751DB}.Release|Any CPU.ActiveCfg = Release|Any CPU
		{0C06C0CE-D85A-4584-AC6C-6A236C4751DB}.Release|Any CPU.Build.0 = Release|Any CPU
		{0C06C0CE-D85A-4584-AC6C-6A236C4751DB}.Release|x64.ActiveCfg = Release|Any CPU
		{0C06C0CE-D85A-4584-AC6C-6A236C4751DB}.Release|x64.Build.0 = Release|Any CPU
		{0C06C0CE-D85A-4584-AC6C-6A236C4751DB}.Release|x86.ActiveCfg = Release|Any CPU
		{0C06C0CE-D85A-4584-AC6C-6A236C4751DB}.Release|x86.Build.0 = Release|Any CPU
		{5525A3B7-6A16-488E-A89B-37894B3E6C67}.Debug|Any CPU.ActiveCfg = Debug|Any CPU
		{5525A3B7-6A16-488E-A89B-37894B3E6C67}.Debug|Any CPU.Build.0 = Debug|Any CPU
		{5525A3B7-6A16-488E-A89B-37894B3E6C67}.Debug|x64.ActiveCfg = Debug|Any CPU
		{5525A3B7-6A16-488E-A89B-37894B3E6C67}.Debug|x64.Build.0 = Debug|Any CPU
		{5525A3B7-6A16-488E-A89B-37894B3E6C67}.Debug|x86.ActiveCfg = Debug|Any CPU
		{5525A3B7-6A16-488E-A89B-37894B3E6C67}.Debug|x86.Build.0 = Debug|Any CPU
		{5525A3B7-6A16-488E-A89B-37894B3E6C67}.Release|Any CPU.ActiveCfg = Release|Any CPU
		{5525A3B7-6A16-488E-A89B-37894B3E6C67}.Release|Any CPU.Build.0 = Release|Any CPU
		{5525A3B7-6A16-488E-A89B-37894B3E6C67}.Release|x64.ActiveCfg = Release|Any CPU
		{5525A3B7-6A16-488E-A89B-37894B3E6C67}.Release|x64.Build.0 = Release|Any CPU
		{5525A3B7-6A16-488E-A89B-37894B3E6C67}.Release|x86.ActiveCfg = Release|Any CPU
		{5525A3B7-6A16-488E-A89B-37894B3E6C67}.Release|x86.Build.0 = Release|Any CPU
	EndGlobalSection
	GlobalSection(SolutionProperties) = preSolution
		HideSolutionNode = FALSE
	EndGlobalSection
	GlobalSection(NestedProjects) = preSolution
		{E4F4E91B-4B9F-4335-923D-960FE047E221} = {827E0CD3-B72D-47B6-A68D-7590B98EB39B}
		{1B12722B-0539-4469-A622-21BD1C03D65A} = {827E0CD3-B72D-47B6-A68D-7590B98EB39B}
		{0C06C0CE-D85A-4584-AC6C-6A236C4751DB} = {827E0CD3-B72D-47B6-A68D-7590B98EB39B}
		{5525A3B7-6A16-488E-A89B-37894B3E6C67} = {827E0CD3-B72D-47B6-A68D-7590B98EB39B}
	EndGlobalSection
EndGlobal
